
Microsoft Visual Studio Solution File, Format Version 12.00
# Visual Studio 15
VisualStudioVersion = 15.0.28307.168
MinimumVisualStudioVersion = 10.0.40219.1
Project("{FAE04EC0-301F-11D3-BF4B-00C04F79EFBC}") = "aboutme", "aboutme\aboutme.csproj", "{AAC36C6D-42D2-4B6F-9351-28B0A5AD06C8}"
EndProject
Global
	GlobalSection(SolutionConfigurationPlatforms) = preSolution
		Debug|Any CPU = Debug|Any CPU
		Release|Any CPU = Release|Any CPU
	EndGlobalSection
	GlobalSection(ProjectConfigurationPlatforms) = postSolution
		{AAC36C6D-42D2-4B6F-9351-28B0A5AD06C8}.Debug|Any CPU.ActiveCfg = Debug|Any CPU
		{AAC36C6D-42D2-4B6F-9351-28B0A5AD06C8}.Debug|Any CPU.Build.0 = Debug|Any CPU
		{AAC36C6D-42D2-4B6F-9351-28B0A5AD06C8}.Release|Any CPU.ActiveCfg = Release|Any CPU
		{AAC36C6D-42D2-4B6F-9351-28B0A5AD06C8}.Release|Any CPU.Build.0 = Release|Any CPU
	EndGlobalSection
	GlobalSection(SolutionProperties) = preSolution
		HideSolutionNode = FALSE
	EndGlobalSection
	GlobalSection(ExtensibilityGlobals) = postSolution
		SolutionGuid = {15C5A3B5-E28D-4ED1-B968-C85303022548}
	EndGlobalSection
EndGlobal
